
Microsoft Visual Studio Solution File, Format Version 12.00
# Visual Studio 2012
Project("{2150E333-8FDC-42A3-9474-1A3956D46DE8}") = "0-Infrasturcture", "0-Infrasturcture", "{56E1DB41-C255-41CE-AFBF-6264FC46120B}"
EndProject
Project("{2150E333-8FDC-42A3-9474-1A3956D46DE8}") = "1-Domain", "1-Domain", "{9AD81E67-35E5-409B-8370-B36BEBC44E71}"
EndProject
Project("{2150E333-8FDC-42A3-9474-1A3956D46DE8}") = "2-Presentation", "2-Presentation", "{D4BEA2D9-BEA4-41FC-94E0-708B16ACD058}"
EndProject
Project("{2150E333-8FDC-42A3-9474-1A3956D46DE8}") = "4-Doc", "4-Doc", "{DB02471D-B9E1-453F-99F7-47A12A3EE953}"
	ProjectSection(SolutionItems) = preProject
		数据原典.xls = 数据原典.xls
		F:\SourceSince20160729\编程随想.txt = F:\SourceSince20160729\编程随想.txt
	EndProjectSection
EndProject
Project("{F088123C-0E9E-452A-89E6-6BA2F21D5CAC}") = "LLGD", "LLGD\LLGD.modelproj", "{E54BDD16-2479-4A3F-A768-A03C7469830D}"
EndProject
Project("{2150E333-8FDC-42A3-9474-1A3956D46DE8}") = "3-UnitTest", "3-UnitTest", "{625AB3EB-3305-4F10-8E7C-19D1997DFE6B}"
EndProject
Project("{FAE04EC0-301F-11D3-BF4B-00C04F79EFBC}") = "AutoCodeGeneration", "AutoCodeGeneration\AutoCodeGeneration.csproj", "{C346ADC4-111F-418B-9115-F77A0EABEAEB}"
EndProject
Project("{FAE04EC0-301F-11D3-BF4B-00C04F79EFBC}") = "Infrastructure", "Infrastructure\Infrastructure.csproj", "{AEBEA62B-0B83-4442-AB98-D46BA420539A}"
EndProject
Project("{FAE04EC0-301F-11D3-BF4B-00C04F79EFBC}") = "Unities", "Unities\Unities.csproj", "{0A76C006-04D3-4BBF-82DA-2EEBD302A0B7}"
EndProject
Project("{FAE04EC0-301F-11D3-BF4B-00C04F79EFBC}") = "Repository", "Repository\Repository.csproj", "{ECD80F97-3BA1-47F7-9665-6E0695848ECA}"
EndProject
Project("{FAE04EC0-301F-11D3-BF4B-00C04F79EFBC}") = "Model", "Model\Model.csproj", "{63DEF232-1223-4439-B99C-01F86211E392}"
EndProject
Project("{FAE04EC0-301F-11D3-BF4B-00C04F79EFBC}") = "Services", "Services\Services.csproj", "{86449098-276E-4F6B-BB31-8986BB42D222}"
EndProject
Project("{FAE04EC0-301F-11D3-BF4B-00C04F79EFBC}") = "ViewModel", "ViewModel\ViewModel.csproj", "{27EE6BB2-0B5C-49E4-AAB4-5E493F45AF90}"
EndProject
Global
	GlobalSection(SolutionConfigurationPlatforms) = preSolution
		Debug|Any CPU = Debug|Any CPU
		Release|Any CPU = Release|Any CPU
	EndGlobalSection
	GlobalSection(ProjectConfigurationPlatforms) = postSolution
		{E54BDD16-2479-4A3F-A768-A03C7469830D}.Debug|Any CPU.ActiveCfg = Debug|Any CPU
		{E54BDD16-2479-4A3F-A768-A03C7469830D}.Debug|Any CPU.Build.0 = Debug|Any CPU
		{E54BDD16-2479-4A3F-A768-A03C7469830D}.Release|Any CPU.ActiveCfg = Release|Any CPU
		{E54BDD16-2479-4A3F-A768-A03C7469830D}.Release|Any CPU.Build.0 = Release|Any CPU
		{C346ADC4-111F-418B-9115-F77A0EABEAEB}.Debug|Any CPU.ActiveCfg = Debug|Any CPU
		{C346ADC4-111F-418B-9115-F77A0EABEAEB}.Debug|Any CPU.Build.0 = Debug|Any CPU
		{C346ADC4-111F-418B-9115-F77A0EABEAEB}.Release|Any CPU.ActiveCfg = Release|Any CPU
		{C346ADC4-111F-418B-9115-F77A0EABEAEB}.Release|Any CPU.Build.0 = Release|Any CPU
		{AEBEA62B-0B83-4442-AB98-D46BA420539A}.Debug|Any CPU.ActiveCfg = Debug|Any CPU
		{AEBEA62B-0B83-4442-AB98-D46BA420539A}.Debug|Any CPU.Build.0 = Debug|Any CPU
		{AEBEA62B-0B83-4442-AB98-D46BA420539A}.Release|Any CPU.ActiveCfg = Release|Any CPU
		{AEBEA62B-0B83-4442-AB98-D46BA420539A}.Release|Any CPU.Build.0 = Release|Any CPU
		{0A76C006-04D3-4BBF-82DA-2EEBD302A0B7}.Debug|Any CPU.ActiveCfg = Debug|Any CPU
		{0A76C006-04D3-4BBF-82DA-2EEBD302A0B7}.Debug|Any CPU.Build.0 = Debug|Any CPU
		{0A76C006-04D3-4BBF-82DA-2EEBD302A0B7}.Release|Any CPU.ActiveCfg = Release|Any CPU
		{0A76C006-04D3-4BBF-82DA-2EEBD302A0B7}.Release|Any CPU.Build.0 = Release|Any CPU
		{ECD80F97-3BA1-47F7-9665-6E0695848ECA}.Debug|Any CPU.ActiveCfg = Debug|Any CPU
		{ECD80F97-3BA1-47F7-9665-6E0695848ECA}.Debug|Any CPU.Build.0 = Debug|Any CPU
		{ECD80F97-3BA1-47F7-9665-6E0695848ECA}.Release|Any CPU.ActiveCfg = Release|Any CPU
		{ECD80F97-3BA1-47F7-9665-6E0695848ECA}.Release|Any CPU.Build.0 = Release|Any CPU
		{63DEF232-1223-4439-B99C-01F86211E392}.Debug|Any CPU.ActiveCfg = Debug|Any CPU
		{63DEF232-1223-4439-B99C-01F86211E392}.Debug|Any CPU.Build.0 = Debug|Any CPU
		{63DEF232-1223-4439-B99C-01F86211E392}.Release|Any CPU.ActiveCfg = Release|Any CPU
		{63DEF232-1223-4439-B99C-01F86211E392}.Release|Any CPU.Build.0 = Release|Any CPU
		{86449098-276E-4F6B-BB31-8986BB42D222}.Debug|Any CPU.ActiveCfg = Debug|Any CPU
		{86449098-276E-4F6B-BB31-8986BB42D222}.Debug|Any CPU.Build.0 = Debug|Any CPU
		{86449098-276E-4F6B-BB31-8986BB42D222}.Release|Any CPU.ActiveCfg = Release|Any CPU
		{86449098-276E-4F6B-BB31-8986BB42D222}.Release|Any CPU.Build.0 = Release|Any CPU
		{27EE6BB2-0B5C-49E4-AAB4-5E493F45AF90}.Debug|Any CPU.ActiveCfg = Debug|Any CPU
		{27EE6BB2-0B5C-49E4-AAB4-5E493F45AF90}.Debug|Any CPU.Build.0 = Debug|Any CPU
		{27EE6BB2-0B5C-49E4-AAB4-5E493F45AF90}.Release|Any CPU.ActiveCfg = Release|Any CPU
		{27EE6BB2-0B5C-49E4-AAB4-5E493F45AF90}.Release|Any CPU.Build.0 = Release|Any CPU
	EndGlobalSection
	GlobalSection(SolutionProperties) = preSolution
		HideSolutionNode = FALSE
	EndGlobalSection
	GlobalSection(NestedProjects) = preSolution
		{C346ADC4-111F-418B-9115-F77A0EABEAEB} = {56E1DB41-C255-41CE-AFBF-6264FC46120B}
		{AEBEA62B-0B83-4442-AB98-D46BA420539A} = {56E1DB41-C255-41CE-AFBF-6264FC46120B}
		{0A76C006-04D3-4BBF-82DA-2EEBD302A0B7} = {56E1DB41-C255-41CE-AFBF-6264FC46120B}
		{ECD80F97-3BA1-47F7-9665-6E0695848ECA} = {9AD81E67-35E5-409B-8370-B36BEBC44E71}
		{63DEF232-1223-4439-B99C-01F86211E392} = {9AD81E67-35E5-409B-8370-B36BEBC44E71}
		{86449098-276E-4F6B-BB31-8986BB42D222} = {9AD81E67-35E5-409B-8370-B36BEBC44E71}
		{27EE6BB2-0B5C-49E4-AAB4-5E493F45AF90} = {D4BEA2D9-BEA4-41FC-94E0-708B16ACD058}
		{E54BDD16-2479-4A3F-A768-A03C7469830D} = {DB02471D-B9E1-453F-99F7-47A12A3EE953}
	EndGlobalSection
EndGlobal
