
Microsoft Visual Studio Solution File, Format Version 12.00
# Visual Studio 2012
Project("{2150E333-8FDC-42A3-9474-1A3956D46DE8}") = "0-Infrasturcture", "0-Infrasturcture", "{56E1DB41-C255-41CE-AFBF-6264FC46120B}"
EndProject
Project("{2150E333-8FDC-42A3-9474-1A3956D46DE8}") = "1-Domain", "1-Domain", "{9AD81E67-35E5-409B-8370-B36BEBC44E71}"
EndProject
Project("{2150E333-8FDC-42A3-9474-1A3956D46DE8}") = "2-Presentation", "2-Presentation", "{D4BEA2D9-BEA4-41FC-94E0-708B16ACD058}"
EndProject
Project("{2150E333-8FDC-42A3-9474-1A3956D46DE8}") = "3-Doc", "3-Doc", "{DB02471D-B9E1-453F-99F7-47A12A3EE953}"
	ProjectSection(SolutionItems) = preProject
		数据原典.xls = 数据原典.xls
	EndProjectSection
EndProject
Project("{F088123C-0E9E-452A-89E6-6BA2F21D5CAC}") = "LLGD", "LLGD\LLGD.modelproj", "{E54BDD16-2479-4A3F-A768-A03C7469830D}"
EndProject
Global
	GlobalSection(SolutionConfigurationPlatforms) = preSolution
		Debug|Any CPU = Debug|Any CPU
		Release|Any CPU = Release|Any CPU
	EndGlobalSection
	GlobalSection(ProjectConfigurationPlatforms) = postSolution
		{E54BDD16-2479-4A3F-A768-A03C7469830D}.Debug|Any CPU.ActiveCfg = Debug|Any CPU
		{E54BDD16-2479-4A3F-A768-A03C7469830D}.Debug|Any CPU.Build.0 = Debug|Any CPU
		{E54BDD16-2479-4A3F-A768-A03C7469830D}.Release|Any CPU.ActiveCfg = Release|Any CPU
		{E54BDD16-2479-4A3F-A768-A03C7469830D}.Release|Any CPU.Build.0 = Release|Any CPU
	EndGlobalSection
	GlobalSection(SolutionProperties) = preSolution
		HideSolutionNode = FALSE
	EndGlobalSection
	GlobalSection(NestedProjects) = preSolution
		{E54BDD16-2479-4A3F-A768-A03C7469830D} = {DB02471D-B9E1-453F-99F7-47A12A3EE953}
	EndGlobalSection
EndGlobal
