
Microsoft Visual Studio Solution File, Format Version 12.00
# Visual Studio 2012
Project("{2150E333-8FDC-42A3-9474-1A3956D46DE8}") = "0-Infrasturcture", "0-Infrasturcture", "{56E1DB41-C255-41CE-AFBF-6264FC46120B}"
EndProject
Project("{2150E333-8FDC-42A3-9474-1A3956D46DE8}") = "1-Domain", "1-Domain", "{9AD81E67-35E5-409B-8370-B36BEBC44E71}"
EndProject
Project("{2150E333-8FDC-42A3-9474-1A3956D46DE8}") = "2-Presentation", "2-Presentation", "{D4BEA2D9-BEA4-41FC-94E0-708B16ACD058}"
EndProject
Project("{2150E333-8FDC-42A3-9474-1A3956D46DE8}") = "4-Doc", "4-Doc", "{DB02471D-B9E1-453F-99F7-47A12A3EE953}"
	ProjectSection(SolutionItems) = preProject
		业务模型.xls = 业务模型.xls
		数据原典.xls = 数据原典.xls
		数据字典II.xls = 数据字典II.xls
		F:\SourceSince20160729\编程随想.txt = F:\SourceSince20160729\编程随想.txt
		视图模型.xls = 视图模型.xls
	EndProjectSection
EndProject
Project("{F088123C-0E9E-452A-89E6-6BA2F21D5CAC}") = "LLGD", "LLGD\LLGD.modelproj", "{E54BDD16-2479-4A3F-A768-A03C7469830D}"
EndProject
Project("{2150E333-8FDC-42A3-9474-1A3956D46DE8}") = "3-UnitTest", "3-UnitTest", "{625AB3EB-3305-4F10-8E7C-19D1997DFE6B}"
EndProject
Project("{FAE04EC0-301F-11D3-BF4B-00C04F79EFBC}") = "AutoCodeGeneration", "AutoCodeGeneration\AutoCodeGeneration.csproj", "{C346ADC4-111F-418B-9115-F77A0EABEAEB}"
EndProject
Project("{FAE04EC0-301F-11D3-BF4B-00C04F79EFBC}") = "Infrastructure", "Infrastructure\Infrastructure.csproj", "{AEBEA62B-0B83-4442-AB98-D46BA420539A}"
EndProject
Project("{FAE04EC0-301F-11D3-BF4B-00C04F79EFBC}") = "Unities", "Unities\Unities.csproj", "{0A76C006-04D3-4BBF-82DA-2EEBD302A0B7}"
EndProject
Project("{FAE04EC0-301F-11D3-BF4B-00C04F79EFBC}") = "Repository", "Repository\Repository.csproj", "{ECD80F97-3BA1-47F7-9665-6E0695848ECA}"
EndProject
Project("{FAE04EC0-301F-11D3-BF4B-00C04F79EFBC}") = "Model", "Model\Model.csproj", "{63DEF232-1223-4439-B99C-01F86211E392}"
EndProject
Project("{FAE04EC0-301F-11D3-BF4B-00C04F79EFBC}") = "Services", "Services\Services.csproj", "{86449098-276E-4F6B-BB31-8986BB42D222}"
EndProject
Project("{FAE04EC0-301F-11D3-BF4B-00C04F79EFBC}") = "ViewModel", "ViewModel\ViewModel.csproj", "{27EE6BB2-0B5C-49E4-AAB4-5E493F45AF90}"
EndProject
Project("{2150E333-8FDC-42A3-9474-1A3956D46DE8}") = "5-Sample", "5-Sample", "{3A164014-0B38-464D-A3BB-18580FB29650}"
EndProject
Project("{FAE04EC0-301F-11D3-BF4B-00C04F79EFBC}") = "Simple", "Simple\Simple.csproj", "{9C4FF6E0-3B7B-47FF-9CC7-389728979831}"
EndProject
Project("{FAE04EC0-301F-11D3-BF4B-00C04F79EFBC}") = "BBS2.0", "BBS2.0\BBS2.0.csproj", "{76FC9DB7-30FA-4BB7-ADB9-AC44544D9BD6}"
EndProject
Project("{2150E333-8FDC-42A3-9474-1A3956D46DE8}") = "11-Model", "11-Model", "{63E5AD75-234C-4960-9D54-D045C1232085}"
EndProject
Project("{2150E333-8FDC-42A3-9474-1A3956D46DE8}") = "12-Reposiotry", "12-Reposiotry", "{94CA8421-DA01-4C6B-A88E-BBE46557C76E}"
EndProject
Project("{2150E333-8FDC-42A3-9474-1A3956D46DE8}") = "13-Services", "13-Services", "{F2F4E5DF-D7A6-4BD4-8887-CC996749AA0D}"
EndProject
Project("{2150E333-8FDC-42A3-9474-1A3956D46DE8}") = "21-ViewModel", "21-ViewModel", "{4DA6EC5F-3086-498C-9F5E-77CB2B697E63}"
EndProject
Project("{2150E333-8FDC-42A3-9474-1A3956D46DE8}") = "22-UI", "22-UI", "{62D7F4E1-EC1B-46F6-9841-A094E23C8F0F}"
EndProject
Project("{2150E333-8FDC-42A3-9474-1A3956D46DE8}") = "01-AutoCode", "01-AutoCode", "{E341D6E0-C39F-40B0-A75A-C1F72EA2A0A0}"
EndProject
Project("{FAE04EC0-301F-11D3-BF4B-00C04F79EFBC}") = "AutoCodeGeneration2.0", "AutoCodeGeneration2.0\AutoCodeGeneration2.0.csproj", "{8CADCBB0-9A45-410E-B819-A40B089445A9}"
EndProject
Project("{FAE04EC0-301F-11D3-BF4B-00C04F79EFBC}") = "AutoCodeGeneration3.0", "AutoCodeGeneration3.0\AutoCodeGeneration3.0.csproj", "{8B201E25-CDA7-4B76-B689-A96B3893CC60}"
EndProject
Project("{FAE04EC0-301F-11D3-BF4B-00C04F79EFBC}") = "DataBaseRepositoryTest", "DataBaseRepositoryTest\DataBaseRepositoryTest.csproj", "{2E02D7F8-FDA3-4B27-B0A7-A74C53FA2F6C}"
EndProject
Project("{FAE04EC0-301F-11D3-BF4B-00C04F79EFBC}") = "BCP.WebUI", "BCP.WebUI\BCP.WebUI.csproj", "{58DE9500-7F8E-4FE2-B692-5A63A9378081}"
EndProject
Project("{FAE04EC0-301F-11D3-BF4B-00C04F79EFBC}") = "BCP.WebUI.Tests", "BCP.WebUI.Tests\BCP.WebUI.Tests.csproj", "{1415E91D-BFD1-4B66-A38B-89AF70F18D4A}"
EndProject
Global
	GlobalSection(SolutionConfigurationPlatforms) = preSolution
		Debug|Any CPU = Debug|Any CPU
		Release|Any CPU = Release|Any CPU
	EndGlobalSection
	GlobalSection(ProjectConfigurationPlatforms) = postSolution
		{E54BDD16-2479-4A3F-A768-A03C7469830D}.Debug|Any CPU.ActiveCfg = Debug|Any CPU
		{E54BDD16-2479-4A3F-A768-A03C7469830D}.Debug|Any CPU.Build.0 = Debug|Any CPU
		{E54BDD16-2479-4A3F-A768-A03C7469830D}.Release|Any CPU.ActiveCfg = Release|Any CPU
		{E54BDD16-2479-4A3F-A768-A03C7469830D}.Release|Any CPU.Build.0 = Release|Any CPU
		{C346ADC4-111F-418B-9115-F77A0EABEAEB}.Debug|Any CPU.ActiveCfg = Debug|Any CPU
		{C346ADC4-111F-418B-9115-F77A0EABEAEB}.Debug|Any CPU.Build.0 = Debug|Any CPU
		{C346ADC4-111F-418B-9115-F77A0EABEAEB}.Release|Any CPU.ActiveCfg = Release|Any CPU
		{C346ADC4-111F-418B-9115-F77A0EABEAEB}.Release|Any CPU.Build.0 = Release|Any CPU
		{AEBEA62B-0B83-4442-AB98-D46BA420539A}.Debug|Any CPU.ActiveCfg = Debug|Any CPU
		{AEBEA62B-0B83-4442-AB98-D46BA420539A}.Debug|Any CPU.Build.0 = Debug|Any CPU
		{AEBEA62B-0B83-4442-AB98-D46BA420539A}.Release|Any CPU.ActiveCfg = Release|Any CPU
		{AEBEA62B-0B83-4442-AB98-D46BA420539A}.Release|Any CPU.Build.0 = Release|Any CPU
		{0A76C006-04D3-4BBF-82DA-2EEBD302A0B7}.Debug|Any CPU.ActiveCfg = Debug|Any CPU
		{0A76C006-04D3-4BBF-82DA-2EEBD302A0B7}.Debug|Any CPU.Build.0 = Debug|Any CPU
		{0A76C006-04D3-4BBF-82DA-2EEBD302A0B7}.Release|Any CPU.ActiveCfg = Release|Any CPU
		{0A76C006-04D3-4BBF-82DA-2EEBD302A0B7}.Release|Any CPU.Build.0 = Release|Any CPU
		{ECD80F97-3BA1-47F7-9665-6E0695848ECA}.Debug|Any CPU.ActiveCfg = Debug|Any CPU
		{ECD80F97-3BA1-47F7-9665-6E0695848ECA}.Debug|Any CPU.Build.0 = Debug|Any CPU
		{ECD80F97-3BA1-47F7-9665-6E0695848ECA}.Release|Any CPU.ActiveCfg = Release|Any CPU
		{ECD80F97-3BA1-47F7-9665-6E0695848ECA}.Release|Any CPU.Build.0 = Release|Any CPU
		{63DEF232-1223-4439-B99C-01F86211E392}.Debug|Any CPU.ActiveCfg = Debug|Any CPU
		{63DEF232-1223-4439-B99C-01F86211E392}.Debug|Any CPU.Build.0 = Debug|Any CPU
		{63DEF232-1223-4439-B99C-01F86211E392}.Release|Any CPU.ActiveCfg = Release|Any CPU
		{63DEF232-1223-4439-B99C-01F86211E392}.Release|Any CPU.Build.0 = Release|Any CPU
		{86449098-276E-4F6B-BB31-8986BB42D222}.Debug|Any CPU.ActiveCfg = Debug|Any CPU
		{86449098-276E-4F6B-BB31-8986BB42D222}.Debug|Any CPU.Build.0 = Debug|Any CPU
		{86449098-276E-4F6B-BB31-8986BB42D222}.Release|Any CPU.ActiveCfg = Release|Any CPU
		{86449098-276E-4F6B-BB31-8986BB42D222}.Release|Any CPU.Build.0 = Release|Any CPU
		{27EE6BB2-0B5C-49E4-AAB4-5E493F45AF90}.Debug|Any CPU.ActiveCfg = Debug|Any CPU
		{27EE6BB2-0B5C-49E4-AAB4-5E493F45AF90}.Debug|Any CPU.Build.0 = Debug|Any CPU
		{27EE6BB2-0B5C-49E4-AAB4-5E493F45AF90}.Release|Any CPU.ActiveCfg = Release|Any CPU
		{27EE6BB2-0B5C-49E4-AAB4-5E493F45AF90}.Release|Any CPU.Build.0 = Release|Any CPU
		{9C4FF6E0-3B7B-47FF-9CC7-389728979831}.Debug|Any CPU.ActiveCfg = Debug|Any CPU
		{9C4FF6E0-3B7B-47FF-9CC7-389728979831}.Debug|Any CPU.Build.0 = Debug|Any CPU
		{9C4FF6E0-3B7B-47FF-9CC7-389728979831}.Release|Any CPU.ActiveCfg = Release|Any CPU
		{9C4FF6E0-3B7B-47FF-9CC7-389728979831}.Release|Any CPU.Build.0 = Release|Any CPU
		{76FC9DB7-30FA-4BB7-ADB9-AC44544D9BD6}.Debug|Any CPU.ActiveCfg = Debug|Any CPU
		{76FC9DB7-30FA-4BB7-ADB9-AC44544D9BD6}.Debug|Any CPU.Build.0 = Debug|Any CPU
		{76FC9DB7-30FA-4BB7-ADB9-AC44544D9BD6}.Release|Any CPU.ActiveCfg = Release|Any CPU
		{76FC9DB7-30FA-4BB7-ADB9-AC44544D9BD6}.Release|Any CPU.Build.0 = Release|Any CPU
		{8CADCBB0-9A45-410E-B819-A40B089445A9}.Debug|Any CPU.ActiveCfg = Debug|Any CPU
		{8CADCBB0-9A45-410E-B819-A40B089445A9}.Debug|Any CPU.Build.0 = Debug|Any CPU
		{8CADCBB0-9A45-410E-B819-A40B089445A9}.Release|Any CPU.ActiveCfg = Release|Any CPU
		{8CADCBB0-9A45-410E-B819-A40B089445A9}.Release|Any CPU.Build.0 = Release|Any CPU
		{8B201E25-CDA7-4B76-B689-A96B3893CC60}.Debug|Any CPU.ActiveCfg = Debug|Any CPU
		{8B201E25-CDA7-4B76-B689-A96B3893CC60}.Debug|Any CPU.Build.0 = Debug|Any CPU
		{8B201E25-CDA7-4B76-B689-A96B3893CC60}.Release|Any CPU.ActiveCfg = Release|Any CPU
		{8B201E25-CDA7-4B76-B689-A96B3893CC60}.Release|Any CPU.Build.0 = Release|Any CPU
		{2E02D7F8-FDA3-4B27-B0A7-A74C53FA2F6C}.Debug|Any CPU.ActiveCfg = Debug|Any CPU
		{2E02D7F8-FDA3-4B27-B0A7-A74C53FA2F6C}.Debug|Any CPU.Build.0 = Debug|Any CPU
		{2E02D7F8-FDA3-4B27-B0A7-A74C53FA2F6C}.Release|Any CPU.ActiveCfg = Release|Any CPU
		{2E02D7F8-FDA3-4B27-B0A7-A74C53FA2F6C}.Release|Any CPU.Build.0 = Release|Any CPU
		{58DE9500-7F8E-4FE2-B692-5A63A9378081}.Debug|Any CPU.ActiveCfg = Debug|Any CPU
		{58DE9500-7F8E-4FE2-B692-5A63A9378081}.Debug|Any CPU.Build.0 = Debug|Any CPU
		{58DE9500-7F8E-4FE2-B692-5A63A9378081}.Release|Any CPU.ActiveCfg = Release|Any CPU
		{58DE9500-7F8E-4FE2-B692-5A63A9378081}.Release|Any CPU.Build.0 = Release|Any CPU
		{1415E91D-BFD1-4B66-A38B-89AF70F18D4A}.Debug|Any CPU.ActiveCfg = Debug|Any CPU
		{1415E91D-BFD1-4B66-A38B-89AF70F18D4A}.Debug|Any CPU.Build.0 = Debug|Any CPU
		{1415E91D-BFD1-4B66-A38B-89AF70F18D4A}.Release|Any CPU.ActiveCfg = Release|Any CPU
		{1415E91D-BFD1-4B66-A38B-89AF70F18D4A}.Release|Any CPU.Build.0 = Release|Any CPU
	EndGlobalSection
	GlobalSection(SolutionProperties) = preSolution
		HideSolutionNode = FALSE
	EndGlobalSection
	GlobalSection(NestedProjects) = preSolution
		{E341D6E0-C39F-40B0-A75A-C1F72EA2A0A0} = {56E1DB41-C255-41CE-AFBF-6264FC46120B}
		{AEBEA62B-0B83-4442-AB98-D46BA420539A} = {56E1DB41-C255-41CE-AFBF-6264FC46120B}
		{0A76C006-04D3-4BBF-82DA-2EEBD302A0B7} = {56E1DB41-C255-41CE-AFBF-6264FC46120B}
		{94CA8421-DA01-4C6B-A88E-BBE46557C76E} = {9AD81E67-35E5-409B-8370-B36BEBC44E71}
		{63E5AD75-234C-4960-9D54-D045C1232085} = {9AD81E67-35E5-409B-8370-B36BEBC44E71}
		{F2F4E5DF-D7A6-4BD4-8887-CC996749AA0D} = {9AD81E67-35E5-409B-8370-B36BEBC44E71}
		{4DA6EC5F-3086-498C-9F5E-77CB2B697E63} = {D4BEA2D9-BEA4-41FC-94E0-708B16ACD058}
		{62D7F4E1-EC1B-46F6-9841-A094E23C8F0F} = {D4BEA2D9-BEA4-41FC-94E0-708B16ACD058}
		{E54BDD16-2479-4A3F-A768-A03C7469830D} = {DB02471D-B9E1-453F-99F7-47A12A3EE953}
		{2E02D7F8-FDA3-4B27-B0A7-A74C53FA2F6C} = {625AB3EB-3305-4F10-8E7C-19D1997DFE6B}
		{1415E91D-BFD1-4B66-A38B-89AF70F18D4A} = {625AB3EB-3305-4F10-8E7C-19D1997DFE6B}
		{C346ADC4-111F-418B-9115-F77A0EABEAEB} = {E341D6E0-C39F-40B0-A75A-C1F72EA2A0A0}
		{8CADCBB0-9A45-410E-B819-A40B089445A9} = {E341D6E0-C39F-40B0-A75A-C1F72EA2A0A0}
		{8B201E25-CDA7-4B76-B689-A96B3893CC60} = {E341D6E0-C39F-40B0-A75A-C1F72EA2A0A0}
		{ECD80F97-3BA1-47F7-9665-6E0695848ECA} = {94CA8421-DA01-4C6B-A88E-BBE46557C76E}
		{63DEF232-1223-4439-B99C-01F86211E392} = {63E5AD75-234C-4960-9D54-D045C1232085}
		{86449098-276E-4F6B-BB31-8986BB42D222} = {F2F4E5DF-D7A6-4BD4-8887-CC996749AA0D}
		{27EE6BB2-0B5C-49E4-AAB4-5E493F45AF90} = {4DA6EC5F-3086-498C-9F5E-77CB2B697E63}
		{9C4FF6E0-3B7B-47FF-9CC7-389728979831} = {3A164014-0B38-464D-A3BB-18580FB29650}
		{76FC9DB7-30FA-4BB7-ADB9-AC44544D9BD6} = {3A164014-0B38-464D-A3BB-18580FB29650}
		{58DE9500-7F8E-4FE2-B692-5A63A9378081} = {62D7F4E1-EC1B-46F6-9841-A094E23C8F0F}
	EndGlobalSection
	GlobalSection(ExtensibilityGlobals) = postSolution
		EnterpriseLibraryConfigurationToolBinariesPath = packages\Unity.2.1.505.0\lib\NET35;packages\Unity.Interception.2.1.505.0\lib\NET35
	EndGlobalSection
EndGlobal
